
Microsoft Visual Studio Solution File, Format Version 12.00
# Visual Studio Version 17
VisualStudioVersion = 17.3.32825.248
MinimumVisualStudioVersion = 10.0.40219.1
Project("{FAE04EC0-301F-11D3-BF4B-00C04F79EFBC}") = "CRUD", "CRUD\CRUD.csproj", "{6654C010-F77C-4BE4-AE50-CFF004E448D1}"
EndProject
Global
	GlobalSection(SolutionConfigurationPlatforms) = preSolution
		Debug|Any CPU = Debug|Any CPU
		Release|Any CPU = Release|Any CPU
	EndGlobalSection
	GlobalSection(ProjectConfigurationPlatforms) = postSolution
		{6654C010-F77C-4BE4-AE50-CFF004E448D1}.Debug|Any CPU.ActiveCfg = Debug|Any CPU
		{6654C010-F77C-4BE4-AE50-CFF004E448D1}.Debug|Any CPU.Build.0 = Debug|Any CPU
		{6654C010-F77C-4BE4-AE50-CFF004E448D1}.Release|Any CPU.ActiveCfg = Release|Any CPU
		{6654C010-F77C-4BE4-AE50-CFF004E448D1}.Release|Any CPU.Build.0 = Release|Any CPU
	EndGlobalSection
	GlobalSection(SolutionProperties) = preSolution
		HideSolutionNode = FALSE
	EndGlobalSection
	GlobalSection(ExtensibilityGlobals) = postSolution
		SolutionGuid = {361533CA-FF81-448D-B2A8-AB1728428C4F}
	EndGlobalSection
EndGlobal
