
Microsoft Visual Studio Solution File, Format Version 12.00
# Visual Studio Version 17
VisualStudioVersion = 17.3.32825.248
MinimumVisualStudioVersion = 10.0.40219.1
Project("{FAE04EC0-301F-11D3-BF4B-00C04F79EFBC}") = "RegistrationNLogin", "RegistrationNLogin\RegistrationNLogin.csproj", "{B3DE15F9-0095-4C6D-AA11-66BF3AA5D48B}"
EndProject
Global
	GlobalSection(SolutionConfigurationPlatforms) = preSolution
		Debug|Any CPU = Debug|Any CPU
		Release|Any CPU = Release|Any CPU
	EndGlobalSection
	GlobalSection(ProjectConfigurationPlatforms) = postSolution
		{B3DE15F9-0095-4C6D-AA11-66BF3AA5D48B}.Debug|Any CPU.ActiveCfg = Debug|Any CPU
		{B3DE15F9-0095-4C6D-AA11-66BF3AA5D48B}.Debug|Any CPU.Build.0 = Debug|Any CPU
		{B3DE15F9-0095-4C6D-AA11-66BF3AA5D48B}.Release|Any CPU.ActiveCfg = Release|Any CPU
		{B3DE15F9-0095-4C6D-AA11-66BF3AA5D48B}.Release|Any CPU.Build.0 = Release|Any CPU
	EndGlobalSection
	GlobalSection(SolutionProperties) = preSolution
		HideSolutionNode = FALSE
	EndGlobalSection
	GlobalSection(ExtensibilityGlobals) = postSolution
		SolutionGuid = {BDB84CAB-9FA4-4B1C-8998-E5EE3C4850B5}
	EndGlobalSection
EndGlobal
