
Microsoft Visual Studio Solution File, Format Version 12.00
# Visual Studio Version 16
VisualStudioVersion = 16.0.32126.315
MinimumVisualStudioVersion = 10.0.40219.1
Project("{9A19103F-16F7-4668-BE54-9A1E7A4F7556}") = "RazorPagesMovie", "RazorPagesMovie\RazorPagesMovie.csproj", "{EC3D6ECF-2DEA-4D79-8798-9F14D3B50D86}"
EndProject
Project("{FAE04EC0-301F-11D3-BF4B-00C04F79EFBC}") = "LinqDemo", "..\LinqDemo\LinqDemo.csproj", "{F42B10DC-72D1-400B-A188-B0F79F2A7AEB}"
EndProject
Project("{FAE04EC0-301F-11D3-BF4B-00C04F79EFBC}") = "LinqDemoNew", "..\LinqDemoNew\LinqDemoNew.csproj", "{3B3467BA-7109-4A4D-8B27-9CCDBEEC004C}"
EndProject
Project("{FAE04EC0-301F-11D3-BF4B-00C04F79EFBC}") = "LinqJson", "..\LinqJson\LinqJson.csproj", "{5983B6BC-3EEC-4D56-8C29-0EE46EEE490A}"
EndProject
Global
	GlobalSection(SolutionConfigurationPlatforms) = preSolution
		Debug|Any CPU = Debug|Any CPU
		Release|Any CPU = Release|Any CPU
	EndGlobalSection
	GlobalSection(ProjectConfigurationPlatforms) = postSolution
		{EC3D6ECF-2DEA-4D79-8798-9F14D3B50D86}.Debug|Any CPU.ActiveCfg = Debug|Any CPU
		{EC3D6ECF-2DEA-4D79-8798-9F14D3B50D86}.Debug|Any CPU.Build.0 = Debug|Any CPU
		{EC3D6ECF-2DEA-4D79-8798-9F14D3B50D86}.Release|Any CPU.ActiveCfg = Release|Any CPU
		{EC3D6ECF-2DEA-4D79-8798-9F14D3B50D86}.Release|Any CPU.Build.0 = Release|Any CPU
		{F42B10DC-72D1-400B-A188-B0F79F2A7AEB}.Debug|Any CPU.ActiveCfg = Debug|Any CPU
		{F42B10DC-72D1-400B-A188-B0F79F2A7AEB}.Debug|Any CPU.Build.0 = Debug|Any CPU
		{F42B10DC-72D1-400B-A188-B0F79F2A7AEB}.Release|Any CPU.ActiveCfg = Release|Any CPU
		{F42B10DC-72D1-400B-A188-B0F79F2A7AEB}.Release|Any CPU.Build.0 = Release|Any CPU
		{3B3467BA-7109-4A4D-8B27-9CCDBEEC004C}.Debug|Any CPU.ActiveCfg = Debug|Any CPU
		{3B3467BA-7109-4A4D-8B27-9CCDBEEC004C}.Debug|Any CPU.Build.0 = Debug|Any CPU
		{3B3467BA-7109-4A4D-8B27-9CCDBEEC004C}.Release|Any CPU.ActiveCfg = Release|Any CPU
		{3B3467BA-7109-4A4D-8B27-9CCDBEEC004C}.Release|Any CPU.Build.0 = Release|Any CPU
		{5983B6BC-3EEC-4D56-8C29-0EE46EEE490A}.Debug|Any CPU.ActiveCfg = Debug|Any CPU
		{5983B6BC-3EEC-4D56-8C29-0EE46EEE490A}.Debug|Any CPU.Build.0 = Debug|Any CPU
		{5983B6BC-3EEC-4D56-8C29-0EE46EEE490A}.Release|Any CPU.ActiveCfg = Release|Any CPU
		{5983B6BC-3EEC-4D56-8C29-0EE46EEE490A}.Release|Any CPU.Build.0 = Release|Any CPU
	EndGlobalSection
	GlobalSection(SolutionProperties) = preSolution
		HideSolutionNode = FALSE
	EndGlobalSection
	GlobalSection(ExtensibilityGlobals) = postSolution
		SolutionGuid = {D5C58C03-7BAB-472F-9A75-C80BEF3C2B78}
	EndGlobalSection
EndGlobal
