
Microsoft Visual Studio Solution File, Format Version 12.00
# Visual Studio Version 17
VisualStudioVersion = 17.3.32825.248
MinimumVisualStudioVersion = 10.0.40219.1
Project("{FAE04EC0-301F-11D3-BF4B-00C04F79EFBC}") = "1-netcoreemployeemvc", "1-netcoreemployeemvc\1-netcoreemployeemvc.csproj", "{F2610EDA-29E4-478C-B7E1-61E7DE0BA13C}"
EndProject
Project("{FAE04EC0-301F-11D3-BF4B-00C04F79EFBC}") = "MvcMovie", "MvcMovie\MvcMovie.csproj", "{6FB72E70-5A37-4E48-BA53-2BCE1323AA02}"
EndProject
Global
	GlobalSection(SolutionConfigurationPlatforms) = preSolution
		Debug|Any CPU = Debug|Any CPU
		Release|Any CPU = Release|Any CPU
	EndGlobalSection
	GlobalSection(ProjectConfigurationPlatforms) = postSolution
		{F2610EDA-29E4-478C-B7E1-61E7DE0BA13C}.Debug|Any CPU.ActiveCfg = Debug|Any CPU
		{F2610EDA-29E4-478C-B7E1-61E7DE0BA13C}.Debug|Any CPU.Build.0 = Debug|Any CPU
		{F2610EDA-29E4-478C-B7E1-61E7DE0BA13C}.Release|Any CPU.ActiveCfg = Release|Any CPU
		{F2610EDA-29E4-478C-B7E1-61E7DE0BA13C}.Release|Any CPU.Build.0 = Release|Any CPU
		{6FB72E70-5A37-4E48-BA53-2BCE1323AA02}.Debug|Any CPU.ActiveCfg = Debug|Any CPU
		{6FB72E70-5A37-4E48-BA53-2BCE1323AA02}.Debug|Any CPU.Build.0 = Debug|Any CPU
		{6FB72E70-5A37-4E48-BA53-2BCE1323AA02}.Release|Any CPU.ActiveCfg = Release|Any CPU
		{6FB72E70-5A37-4E48-BA53-2BCE1323AA02}.Release|Any CPU.Build.0 = Release|Any CPU
	EndGlobalSection
	GlobalSection(SolutionProperties) = preSolution
		HideSolutionNode = FALSE
	EndGlobalSection
	GlobalSection(ExtensibilityGlobals) = postSolution
		SolutionGuid = {A6B7C539-5E01-48F0-863E-96468F7A7271}
	EndGlobalSection
EndGlobal
