
Microsoft Visual Studio Solution File, Format Version 12.00
# Visual Studio Version 17
VisualStudioVersion = 17.3.32825.248
MinimumVisualStudioVersion = 10.0.40219.1
Project("{FAE04EC0-301F-11D3-BF4B-00C04F79EFBC}") = "testajax", "testajax\testajax.csproj", "{DB09E549-D8C6-4419-9567-56B55A3CE8B4}"
EndProject
Global
	GlobalSection(SolutionConfigurationPlatforms) = preSolution
		Debug|Any CPU = Debug|Any CPU
		Release|Any CPU = Release|Any CPU
	EndGlobalSection
	GlobalSection(ProjectConfigurationPlatforms) = postSolution
		{DB09E549-D8C6-4419-9567-56B55A3CE8B4}.Debug|Any CPU.ActiveCfg = Debug|Any CPU
		{DB09E549-D8C6-4419-9567-56B55A3CE8B4}.Debug|Any CPU.Build.0 = Debug|Any CPU
		{DB09E549-D8C6-4419-9567-56B55A3CE8B4}.Release|Any CPU.ActiveCfg = Release|Any CPU
		{DB09E549-D8C6-4419-9567-56B55A3CE8B4}.Release|Any CPU.Build.0 = Release|Any CPU
	EndGlobalSection
	GlobalSection(SolutionProperties) = preSolution
		HideSolutionNode = FALSE
	EndGlobalSection
	GlobalSection(ExtensibilityGlobals) = postSolution
		SolutionGuid = {ADB1E828-33AC-43AA-BBF4-2DC85CA6FFCD}
	EndGlobalSection
EndGlobal
