
Microsoft Visual Studio Solution File, Format Version 12.00
# Visual Studio Version 17
VisualStudioVersion = 17.3.32825.248
MinimumVisualStudioVersion = 10.0.40219.1
Project("{9A19103F-16F7-4668-BE54-9A1E7A4F7556}") = "netcoremvc", "netcoremvc\netcoremvc.csproj", "{0A97FEEE-8F77-4EE5-B107-DCF772885160}"
EndProject
Project("{FAE04EC0-301F-11D3-BF4B-00C04F79EFBC}") = "localbusinesswebapi", "localbusinesswebapi\localbusinesswebapi.csproj", "{9183042C-DFE8-4DF7-899A-E18411AD3952}"
EndProject
Global
	GlobalSection(SolutionConfigurationPlatforms) = preSolution
		Debug|Any CPU = Debug|Any CPU
		Release|Any CPU = Release|Any CPU
	EndGlobalSection
	GlobalSection(ProjectConfigurationPlatforms) = postSolution
		{0A97FEEE-8F77-4EE5-B107-DCF772885160}.Debug|Any CPU.ActiveCfg = Debug|Any CPU
		{0A97FEEE-8F77-4EE5-B107-DCF772885160}.Debug|Any CPU.Build.0 = Debug|Any CPU
		{0A97FEEE-8F77-4EE5-B107-DCF772885160}.Release|Any CPU.ActiveCfg = Release|Any CPU
		{0A97FEEE-8F77-4EE5-B107-DCF772885160}.Release|Any CPU.Build.0 = Release|Any CPU
		{9183042C-DFE8-4DF7-899A-E18411AD3952}.Debug|Any CPU.ActiveCfg = Debug|Any CPU
		{9183042C-DFE8-4DF7-899A-E18411AD3952}.Debug|Any CPU.Build.0 = Debug|Any CPU
		{9183042C-DFE8-4DF7-899A-E18411AD3952}.Release|Any CPU.ActiveCfg = Release|Any CPU
		{9183042C-DFE8-4DF7-899A-E18411AD3952}.Release|Any CPU.Build.0 = Release|Any CPU
	EndGlobalSection
	GlobalSection(SolutionProperties) = preSolution
		HideSolutionNode = FALSE
	EndGlobalSection
	GlobalSection(ExtensibilityGlobals) = postSolution
		SolutionGuid = {296EAAF1-56DB-43AB-9CE0-E6D6E7AB48A3}
	EndGlobalSection
EndGlobal
