
Microsoft Visual Studio Solution File, Format Version 12.00
# Visual Studio Version 17
VisualStudioVersion = 17.3.32825.248
MinimumVisualStudioVersion = 10.0.40219.1
Project("{FAE04EC0-301F-11D3-BF4B-00C04F79EFBC}") = "AssemblyTest", "AssemblyTest\AssemblyTest.csproj", "{E72EAC8C-ACB2-4610-BE41-5F9BCEFCAB3B}"
EndProject
Project("{FAE04EC0-301F-11D3-BF4B-00C04F79EFBC}") = "CalculatorLib", "CalculatorLib\CalculatorLib.csproj", "{4CA97018-FC78-41FD-A346-8C5705194525}"
EndProject
Global
	GlobalSection(SolutionConfigurationPlatforms) = preSolution
		Debug|Any CPU = Debug|Any CPU
		Release|Any CPU = Release|Any CPU
	EndGlobalSection
	GlobalSection(ProjectConfigurationPlatforms) = postSolution
		{E72EAC8C-ACB2-4610-BE41-5F9BCEFCAB3B}.Debug|Any CPU.ActiveCfg = Debug|Any CPU
		{E72EAC8C-ACB2-4610-BE41-5F9BCEFCAB3B}.Debug|Any CPU.Build.0 = Debug|Any CPU
		{E72EAC8C-ACB2-4610-BE41-5F9BCEFCAB3B}.Release|Any CPU.ActiveCfg = Release|Any CPU
		{E72EAC8C-ACB2-4610-BE41-5F9BCEFCAB3B}.Release|Any CPU.Build.0 = Release|Any CPU
		{4CA97018-FC78-41FD-A346-8C5705194525}.Debug|Any CPU.ActiveCfg = Debug|Any CPU
		{4CA97018-FC78-41FD-A346-8C5705194525}.Debug|Any CPU.Build.0 = Debug|Any CPU
		{4CA97018-FC78-41FD-A346-8C5705194525}.Release|Any CPU.ActiveCfg = Release|Any CPU
		{4CA97018-FC78-41FD-A346-8C5705194525}.Release|Any CPU.Build.0 = Release|Any CPU
	EndGlobalSection
	GlobalSection(SolutionProperties) = preSolution
		HideSolutionNode = FALSE
	EndGlobalSection
	GlobalSection(ExtensibilityGlobals) = postSolution
		SolutionGuid = {1EE39561-FD74-48C2-A730-8F8DD27D726F}
	EndGlobalSection
EndGlobal
